
Microsoft Visual Studio Solution File, Format Version 12.00
# Visual Studio Version 17
VisualStudioVersion = 17.3.32929.385
MinimumVisualStudioVersion = 10.0.40219.1
Project("{FAE04EC0-301F-11D3-BF4B-00C04F79EFBC}") = "RecordLabel", "RecordLabel\RecordLabel.csproj", "{344BA748-4461-4315-873D-35B2C058DF86}"
EndProject
Project("{FAE04EC0-301F-11D3-BF4B-00C04F79EFBC}") = "RecordLabel.UnitTests", "RecordLabel.UnitTests\RecordLabel.UnitTests.csproj", "{145635AA-A180-4FB3-8836-688C713D9A8F}"
EndProject
Global
	GlobalSection(SolutionConfigurationPlatforms) = preSolution
		Debug|Any CPU = Debug|Any CPU
		Release|Any CPU = Release|Any CPU
	EndGlobalSection
	GlobalSection(ProjectConfigurationPlatforms) = postSolution
		{344BA748-4461-4315-873D-35B2C058DF86}.Debug|Any CPU.ActiveCfg = Debug|Any CPU
		{344BA748-4461-4315-873D-35B2C058DF86}.Debug|Any CPU.Build.0 = Debug|Any CPU
		{344BA748-4461-4315-873D-35B2C058DF86}.Release|Any CPU.ActiveCfg = Release|Any CPU
		{344BA748-4461-4315-873D-35B2C058DF86}.Release|Any CPU.Build.0 = Release|Any CPU
		{145635AA-A180-4FB3-8836-688C713D9A8F}.Debug|Any CPU.ActiveCfg = Debug|Any CPU
		{145635AA-A180-4FB3-8836-688C713D9A8F}.Debug|Any CPU.Build.0 = Debug|Any CPU
		{145635AA-A180-4FB3-8836-688C713D9A8F}.Release|Any CPU.ActiveCfg = Release|Any CPU
		{145635AA-A180-4FB3-8836-688C713D9A8F}.Release|Any CPU.Build.0 = Release|Any CPU
	EndGlobalSection
	GlobalSection(SolutionProperties) = preSolution
		HideSolutionNode = FALSE
	EndGlobalSection
	GlobalSection(ExtensibilityGlobals) = postSolution
		SolutionGuid = {C8AF8A1A-0CFA-49B2-BA6C-C7DF9D14990E}
	EndGlobalSection
EndGlobal
